
Microsoft Visual Studio Solution File, Format Version 12.00
# Visual Studio Version 17
VisualStudioVersion = 17.3.32901.215
MinimumVisualStudioVersion = 10.0.40219.1
Project("{8BC9CEB8-8B4A-11D0-8D11-00A0C91BC942}") = "20230423-19", "20230423-19.vcxproj", "{01CB3F72-3CF7-4730-B4C9-B22D84FA26B5}"
EndProject
Global
	GlobalSection(SolutionConfigurationPlatforms) = preSolution
		Debug|x64 = Debug|x64
		Debug|x86 = Debug|x86
		Release|x64 = Release|x64
		Release|x86 = Release|x86
	EndGlobalSection
	GlobalSection(ProjectConfigurationPlatforms) = postSolution
		{01CB3F72-3CF7-4730-B4C9-B22D84FA26B5}.Debug|x64.ActiveCfg = Debug|x64
		{01CB3F72-3CF7-4730-B4C9-B22D84FA26B5}.Debug|x64.Build.0 = Debug|x64
		{01CB3F72-3CF7-4730-B4C9-B22D84FA26B5}.Debug|x86.ActiveCfg = Debug|Win32
		{01CB3F72-3CF7-4730-B4C9-B22D84FA26B5}.Debug|x86.Build.0 = Debug|Win32
		{01CB3F72-3CF7-4730-B4C9-B22D84FA26B5}.Release|x64.ActiveCfg = Release|x64
		{01CB3F72-3CF7-4730-B4C9-B22D84FA26B5}.Release|x64.Build.0 = Release|x64
		{01CB3F72-3CF7-4730-B4C9-B22D84FA26B5}.Release|x86.ActiveCfg = Release|Win32
		{01CB3F72-3CF7-4730-B4C9-B22D84FA26B5}.Release|x86.Build.0 = Release|Win32
	EndGlobalSection
	GlobalSection(SolutionProperties) = preSolution
		HideSolutionNode = FALSE
	EndGlobalSection
	GlobalSection(ExtensibilityGlobals) = postSolution
		SolutionGuid = {45E85D85-9288-493A-924B-39B0B71E690F}
	EndGlobalSection
EndGlobal
