
Microsoft Visual Studio Solution File, Format Version 12.00
# Visual Studio Version 17
VisualStudioVersion = 17.3.32901.215
MinimumVisualStudioVersion = 10.0.40219.1
Project("{8BC9CEB8-8B4A-11D0-8D11-00A0C91BC942}") = "20230423-21", "20230423-21.vcxproj", "{AE25C732-AB10-45CB-BB24-DB3D8A92E119}"
EndProject
Global
	GlobalSection(SolutionConfigurationPlatforms) = preSolution
		Debug|x64 = Debug|x64
		Debug|x86 = Debug|x86
		Release|x64 = Release|x64
		Release|x86 = Release|x86
	EndGlobalSection
	GlobalSection(ProjectConfigurationPlatforms) = postSolution
		{AE25C732-AB10-45CB-BB24-DB3D8A92E119}.Debug|x64.ActiveCfg = Debug|x64
		{AE25C732-AB10-45CB-BB24-DB3D8A92E119}.Debug|x64.Build.0 = Debug|x64
		{AE25C732-AB10-45CB-BB24-DB3D8A92E119}.Debug|x86.ActiveCfg = Debug|Win32
		{AE25C732-AB10-45CB-BB24-DB3D8A92E119}.Debug|x86.Build.0 = Debug|Win32
		{AE25C732-AB10-45CB-BB24-DB3D8A92E119}.Release|x64.ActiveCfg = Release|x64
		{AE25C732-AB10-45CB-BB24-DB3D8A92E119}.Release|x64.Build.0 = Release|x64
		{AE25C732-AB10-45CB-BB24-DB3D8A92E119}.Release|x86.ActiveCfg = Release|Win32
		{AE25C732-AB10-45CB-BB24-DB3D8A92E119}.Release|x86.Build.0 = Release|Win32
	EndGlobalSection
	GlobalSection(SolutionProperties) = preSolution
		HideSolutionNode = FALSE
	EndGlobalSection
	GlobalSection(ExtensibilityGlobals) = postSolution
		SolutionGuid = {923FBDC9-A423-4855-8777-5C105D76B1FC}
	EndGlobalSection
EndGlobal
