
Microsoft Visual Studio Solution File, Format Version 12.00
# Visual Studio Version 17
VisualStudioVersion = 17.1.32228.430
MinimumVisualStudioVersion = 10.0.40219.1
Project("{8BC9CEB8-8B4A-11D0-8D11-00A0C91BC942}") = "20230329_2", "20230329_2\20230329_2.vcxproj", "{82E92F73-BD2E-49AF-8335-27555F22A617}"
EndProject
Global
	GlobalSection(SolutionConfigurationPlatforms) = preSolution
		Debug|x64 = Debug|x64
		Debug|x86 = Debug|x86
		Release|x64 = Release|x64
		Release|x86 = Release|x86
	EndGlobalSection
	GlobalSection(ProjectConfigurationPlatforms) = postSolution
		{82E92F73-BD2E-49AF-8335-27555F22A617}.Debug|x64.ActiveCfg = Debug|x64
		{82E92F73-BD2E-49AF-8335-27555F22A617}.Debug|x64.Build.0 = Debug|x64
		{82E92F73-BD2E-49AF-8335-27555F22A617}.Debug|x86.ActiveCfg = Debug|Win32
		{82E92F73-BD2E-49AF-8335-27555F22A617}.Debug|x86.Build.0 = Debug|Win32
		{82E92F73-BD2E-49AF-8335-27555F22A617}.Release|x64.ActiveCfg = Release|x64
		{82E92F73-BD2E-49AF-8335-27555F22A617}.Release|x64.Build.0 = Release|x64
		{82E92F73-BD2E-49AF-8335-27555F22A617}.Release|x86.ActiveCfg = Release|Win32
		{82E92F73-BD2E-49AF-8335-27555F22A617}.Release|x86.Build.0 = Release|Win32
	EndGlobalSection
	GlobalSection(SolutionProperties) = preSolution
		HideSolutionNode = FALSE
	EndGlobalSection
	GlobalSection(ExtensibilityGlobals) = postSolution
		SolutionGuid = {C82E6912-EA9A-4408-BEE8-9CA921651928}
	EndGlobalSection
EndGlobal
