
Microsoft Visual Studio Solution File, Format Version 12.00
# Visual Studio Version 17
VisualStudioVersion = 17.5.33530.505
MinimumVisualStudioVersion = 10.0.40219.1
Project("{8BC9CEB8-8B4A-11D0-8D11-00A0C91BC942}") = "20230516", "20230516\20230516.vcxproj", "{AE561DDB-26A2-4FD5-A72D-9D48B35415F0}"
EndProject
Global
	GlobalSection(SolutionConfigurationPlatforms) = preSolution
		Debug|x64 = Debug|x64
		Debug|x86 = Debug|x86
		Release|x64 = Release|x64
		Release|x86 = Release|x86
	EndGlobalSection
	GlobalSection(ProjectConfigurationPlatforms) = postSolution
		{AE561DDB-26A2-4FD5-A72D-9D48B35415F0}.Debug|x64.ActiveCfg = Debug|x64
		{AE561DDB-26A2-4FD5-A72D-9D48B35415F0}.Debug|x64.Build.0 = Debug|x64
		{AE561DDB-26A2-4FD5-A72D-9D48B35415F0}.Debug|x86.ActiveCfg = Debug|Win32
		{AE561DDB-26A2-4FD5-A72D-9D48B35415F0}.Debug|x86.Build.0 = Debug|Win32
		{AE561DDB-26A2-4FD5-A72D-9D48B35415F0}.Release|x64.ActiveCfg = Release|x64
		{AE561DDB-26A2-4FD5-A72D-9D48B35415F0}.Release|x64.Build.0 = Release|x64
		{AE561DDB-26A2-4FD5-A72D-9D48B35415F0}.Release|x86.ActiveCfg = Release|Win32
		{AE561DDB-26A2-4FD5-A72D-9D48B35415F0}.Release|x86.Build.0 = Release|Win32
	EndGlobalSection
	GlobalSection(SolutionProperties) = preSolution
		HideSolutionNode = FALSE
	EndGlobalSection
	GlobalSection(ExtensibilityGlobals) = postSolution
		SolutionGuid = {79177EB1-6898-4604-BF0E-30B1EAAD9613}
	EndGlobalSection
EndGlobal
